
Microsoft Visual Studio Solution File, Format Version 12.00
# Visual Studio 15
VisualStudioVersion = 15.0.26403.7
MinimumVisualStudioVersion = 10.0.40219.1
Project("{00D1A9C2-B5F0-4AF3-8072-F6C62B433612}") = "Videa.SharebuilderRate.Db", "Code\Videa.SharebuilderRate.Db\Videa.SharebuilderRate.Db.sqlproj", "{31CC75C1-D1EF-A99A-E484-61C1BAC07FF8}"
EndProject
Project("{9A19103F-16F7-4668-BE54-9A1E7A4F7556}") = "Videa.SharebuilderRate.Data", "Code\Videa.SharebuilderRate.Data\Videa.SharebuilderRate.Data.csproj", "{23B4B512-A50E-4FD5-8404-297949586311}"
EndProject
Project("{9A19103F-16F7-4668-BE54-9A1E7A4F7556}") = "Videa.SharebuilderRate.Service", "Code\Videa.SharebuilderRate.Service\Videa.SharebuilderRate.Service.csproj", "{6D8541FE-25C2-4846-BD83-E3742C2AF957}"
EndProject
Project("{9A19103F-16F7-4668-BE54-9A1E7A4F7556}") = "Videa.SharebuilderRate.Service.TestClient", "Code\Videa.SharebuilderRate.Service.TestClient\Videa.SharebuilderRate.Service.TestClient.csproj", "{BD46BFE4-679F-4DA4-B4EB-B053DA8D416F}"
EndProject
Global
	GlobalSection(SolutionConfigurationPlatforms) = preSolution
		Debug|Any CPU = Debug|Any CPU
		Release|Any CPU = Release|Any CPU
	EndGlobalSection
	GlobalSection(ProjectConfigurationPlatforms) = postSolution
		{31CC75C1-D1EF-A99A-E484-61C1BAC07FF8}.Debug|Any CPU.ActiveCfg = Debug|Any CPU
		{31CC75C1-D1EF-A99A-E484-61C1BAC07FF8}.Debug|Any CPU.Build.0 = Debug|Any CPU
		{31CC75C1-D1EF-A99A-E484-61C1BAC07FF8}.Debug|Any CPU.Deploy.0 = Debug|Any CPU
		{31CC75C1-D1EF-A99A-E484-61C1BAC07FF8}.Release|Any CPU.ActiveCfg = Release|Any CPU
		{31CC75C1-D1EF-A99A-E484-61C1BAC07FF8}.Release|Any CPU.Build.0 = Release|Any CPU
		{31CC75C1-D1EF-A99A-E484-61C1BAC07FF8}.Release|Any CPU.Deploy.0 = Release|Any CPU
		{23B4B512-A50E-4FD5-8404-297949586311}.Debug|Any CPU.ActiveCfg = Debug|Any CPU
		{23B4B512-A50E-4FD5-8404-297949586311}.Debug|Any CPU.Build.0 = Debug|Any CPU
		{23B4B512-A50E-4FD5-8404-297949586311}.Release|Any CPU.ActiveCfg = Release|Any CPU
		{23B4B512-A50E-4FD5-8404-297949586311}.Release|Any CPU.Build.0 = Release|Any CPU
		{6D8541FE-25C2-4846-BD83-E3742C2AF957}.Debug|Any CPU.ActiveCfg = Debug|Any CPU
		{6D8541FE-25C2-4846-BD83-E3742C2AF957}.Debug|Any CPU.Build.0 = Debug|Any CPU
		{6D8541FE-25C2-4846-BD83-E3742C2AF957}.Release|Any CPU.ActiveCfg = Release|Any CPU
		{6D8541FE-25C2-4846-BD83-E3742C2AF957}.Release|Any CPU.Build.0 = Release|Any CPU
		{BD46BFE4-679F-4DA4-B4EB-B053DA8D416F}.Debug|Any CPU.ActiveCfg = Debug|Any CPU
		{BD46BFE4-679F-4DA4-B4EB-B053DA8D416F}.Debug|Any CPU.Build.0 = Debug|Any CPU
		{BD46BFE4-679F-4DA4-B4EB-B053DA8D416F}.Release|Any CPU.ActiveCfg = Release|Any CPU
		{BD46BFE4-679F-4DA4-B4EB-B053DA8D416F}.Release|Any CPU.Build.0 = Release|Any CPU
	EndGlobalSection
	GlobalSection(SolutionProperties) = preSolution
		HideSolutionNode = FALSE
	EndGlobalSection
EndGlobal
