
Microsoft Visual Studio Solution File, Format Version 12.00
# Visual Studio 15
VisualStudioVersion = 15.0.26403.7
MinimumVisualStudioVersion = 10.0.40219.1
Project("{00D1A9C2-B5F0-4AF3-8072-F6C62B433612}") = "Videa.CuratedRating.Db", "Code\Videa.CuratedRating.Db\Videa.CuratedRating.Db.sqlproj", "{82FD4970-C4CC-620D-61F3-126FA84A77AB}"
EndProject
Project("{9A19103F-16F7-4668-BE54-9A1E7A4F7556}") = "Videa.CuratedRating.Data", "Code\Videa.CuratedRating.Data\Videa.CuratedRating.Data.csproj", "{B7158904-8112-4357-B8E2-72AFAE542524}"
EndProject
Project("{9A19103F-16F7-4668-BE54-9A1E7A4F7556}") = "Videa.CuratedRating.Service", "Code\Videa.CuratedRating.Service\Videa.CuratedRating.Service.csproj", "{7C1B744E-A253-49D9-BCA9-0B7573DC5FB7}"
EndProject
Project("{9A19103F-16F7-4668-BE54-9A1E7A4F7556}") = "Videa.CuratedRating.Service.TestClient", "Code\Videa.CuratedRating.Service.TestClient\Videa.CuratedRating.Service.TestClient.csproj", "{2263A50D-5EC9-4DE5-9B66-88A934C63E7F}"
EndProject
Global
	GlobalSection(SolutionConfigurationPlatforms) = preSolution
		Debug|Any CPU = Debug|Any CPU
		Release|Any CPU = Release|Any CPU
	EndGlobalSection
	GlobalSection(ProjectConfigurationPlatforms) = postSolution
		{82FD4970-C4CC-620D-61F3-126FA84A77AB}.Debug|Any CPU.ActiveCfg = Debug|Any CPU
		{82FD4970-C4CC-620D-61F3-126FA84A77AB}.Debug|Any CPU.Build.0 = Debug|Any CPU
		{82FD4970-C4CC-620D-61F3-126FA84A77AB}.Debug|Any CPU.Deploy.0 = Debug|Any CPU
		{82FD4970-C4CC-620D-61F3-126FA84A77AB}.Release|Any CPU.ActiveCfg = Release|Any CPU
		{82FD4970-C4CC-620D-61F3-126FA84A77AB}.Release|Any CPU.Build.0 = Release|Any CPU
		{82FD4970-C4CC-620D-61F3-126FA84A77AB}.Release|Any CPU.Deploy.0 = Release|Any CPU
		{B7158904-8112-4357-B8E2-72AFAE542524}.Debug|Any CPU.ActiveCfg = Debug|Any CPU
		{B7158904-8112-4357-B8E2-72AFAE542524}.Debug|Any CPU.Build.0 = Debug|Any CPU
		{B7158904-8112-4357-B8E2-72AFAE542524}.Release|Any CPU.ActiveCfg = Release|Any CPU
		{B7158904-8112-4357-B8E2-72AFAE542524}.Release|Any CPU.Build.0 = Release|Any CPU
		{7C1B744E-A253-49D9-BCA9-0B7573DC5FB7}.Debug|Any CPU.ActiveCfg = Debug|Any CPU
		{7C1B744E-A253-49D9-BCA9-0B7573DC5FB7}.Debug|Any CPU.Build.0 = Debug|Any CPU
		{7C1B744E-A253-49D9-BCA9-0B7573DC5FB7}.Release|Any CPU.ActiveCfg = Release|Any CPU
		{7C1B744E-A253-49D9-BCA9-0B7573DC5FB7}.Release|Any CPU.Build.0 = Release|Any CPU
		{2263A50D-5EC9-4DE5-9B66-88A934C63E7F}.Debug|Any CPU.ActiveCfg = Debug|Any CPU
		{2263A50D-5EC9-4DE5-9B66-88A934C63E7F}.Debug|Any CPU.Build.0 = Debug|Any CPU
		{2263A50D-5EC9-4DE5-9B66-88A934C63E7F}.Release|Any CPU.ActiveCfg = Release|Any CPU
		{2263A50D-5EC9-4DE5-9B66-88A934C63E7F}.Release|Any CPU.Build.0 = Release|Any CPU
	EndGlobalSection
	GlobalSection(SolutionProperties) = preSolution
		HideSolutionNode = FALSE
	EndGlobalSection
EndGlobal
